
Microsoft Visual Studio Solution File, Format Version 12.00
# Visual Studio Version 17
VisualStudioVersion = 17.9.34607.119
MinimumVisualStudioVersion = 10.0.40219.1
Project("{FAE04EC0-301F-11D3-BF4B-00C04F79EFBC}") = "DemoBlazorLocalAndSessionStorage", "DemoBlazorLocalAndSessionStorage\DemoBlazorLocalAndSessionStorage.csproj", "{221AB6AD-B73F-41AC-A469-FA605E41E7FD}"
EndProject
Global
	GlobalSection(SolutionConfigurationPlatforms) = preSolution
		Debug|Any CPU = Debug|Any CPU
		Release|Any CPU = Release|Any CPU
	EndGlobalSection
	GlobalSection(ProjectConfigurationPlatforms) = postSolution
		{221AB6AD-B73F-41AC-A469-FA605E41E7FD}.Debug|Any CPU.ActiveCfg = Debug|Any CPU
		{221AB6AD-B73F-41AC-A469-FA605E41E7FD}.Debug|Any CPU.Build.0 = Debug|Any CPU
		{221AB6AD-B73F-41AC-A469-FA605E41E7FD}.Release|Any CPU.ActiveCfg = Release|Any CPU
		{221AB6AD-B73F-41AC-A469-FA605E41E7FD}.Release|Any CPU.Build.0 = Release|Any CPU
	EndGlobalSection
	GlobalSection(SolutionProperties) = preSolution
		HideSolutionNode = FALSE
	EndGlobalSection
	GlobalSection(ExtensibilityGlobals) = postSolution
		SolutionGuid = {9B417F34-2E25-49FB-9C71-44A725805E41}
	EndGlobalSection
EndGlobal
